
Microsoft Visual Studio Solution File, Format Version 12.00
# Visual Studio 15
VisualStudioVersion = 15.0.28307.438
MinimumVisualStudioVersion = 10.0.40219.1
Project("{9A19103F-16F7-4668-BE54-9A1E7A4F7556}") = "RecipeManager", "RecipeManager\RecipeManager.csproj", "{D5F8C14D-2DFE-4BF5-867C-F3F9D1F0BDBC}"
EndProject
Project("{FAE04EC0-301F-11D3-BF4B-00C04F79EFBC}") = "RecipeManager.UnitTests", "RecipeManager.UnitTests\RecipeManager.UnitTests.csproj", "{5A355D8F-2002-4000-B59D-ACB42168BE58}"
EndProject
Project("{FAE04EC0-301F-11D3-BF4B-00C04F79EFBC}") = "RecipeManager.IntegrationTests", "RecipeManager.IntegrationTests\RecipeManager.IntegrationTests.csproj", "{E38A48CC-2BB2-437B-A63B-F979C34F5D29}"
EndProject
Global
	GlobalSection(SolutionConfigurationPlatforms) = preSolution
		Debug|Any CPU = Debug|Any CPU
		Release|Any CPU = Release|Any CPU
	EndGlobalSection
	GlobalSection(ProjectConfigurationPlatforms) = postSolution
		{D5F8C14D-2DFE-4BF5-867C-F3F9D1F0BDBC}.Debug|Any CPU.ActiveCfg = Debug|Any CPU
		{D5F8C14D-2DFE-4BF5-867C-F3F9D1F0BDBC}.Debug|Any CPU.Build.0 = Debug|Any CPU
		{D5F8C14D-2DFE-4BF5-867C-F3F9D1F0BDBC}.Release|Any CPU.ActiveCfg = Release|Any CPU
		{D5F8C14D-2DFE-4BF5-867C-F3F9D1F0BDBC}.Release|Any CPU.Build.0 = Release|Any CPU
		{5A355D8F-2002-4000-B59D-ACB42168BE58}.Debug|Any CPU.ActiveCfg = Debug|Any CPU
		{5A355D8F-2002-4000-B59D-ACB42168BE58}.Debug|Any CPU.Build.0 = Debug|Any CPU
		{5A355D8F-2002-4000-B59D-ACB42168BE58}.Release|Any CPU.ActiveCfg = Release|Any CPU
		{5A355D8F-2002-4000-B59D-ACB42168BE58}.Release|Any CPU.Build.0 = Release|Any CPU
		{E38A48CC-2BB2-437B-A63B-F979C34F5D29}.Debug|Any CPU.ActiveCfg = Debug|Any CPU
		{E38A48CC-2BB2-437B-A63B-F979C34F5D29}.Debug|Any CPU.Build.0 = Debug|Any CPU
		{E38A48CC-2BB2-437B-A63B-F979C34F5D29}.Release|Any CPU.ActiveCfg = Release|Any CPU
		{E38A48CC-2BB2-437B-A63B-F979C34F5D29}.Release|Any CPU.Build.0 = Release|Any CPU
	EndGlobalSection
	GlobalSection(SolutionProperties) = preSolution
		HideSolutionNode = FALSE
	EndGlobalSection
	GlobalSection(ExtensibilityGlobals) = postSolution
		SolutionGuid = {4FEB142C-6194-4EAE-9CC1-AFBB512B175C}
	EndGlobalSection
EndGlobal
